{
  "name": "sf-idp-sso-app",
  "version": "0.0.1",
  "lockfileVersion": 1,
  "requires": true,
  "dependencies": {
    "@heroku-cli/color": {
      "version": "1.1.16",
      "resolved": "https://registry.npmjs.org/@heroku-cli/color/-/color-1.1.16.tgz",
      "integrity": "sha512-97bYxNaDe/+GCUAKu0V2qudQmR3NFRnv3SrQd2FTtOAa9OWKwkvoBs2WzT7MkNwP4DIpYL6W/e3CSfShfhzEMw==",
      "requires": {
        "ansi-styles": "^3.2.1",
        "chalk": "^2.4.1",
        "strip-ansi": "^5.0.0",
        "supports-color": "^5.5.0",
        "tslib": "^1.9.3"
      },
      "dependencies": {
        "strip-ansi": {
          "version": "5.2.0",
          "resolved": "https://registry.npmjs.org/strip-ansi/-/strip-ansi-5.2.0.tgz",
          "integrity": "sha512-DuRs1gKbBqsMKIZlrffwlug8MHkcnpjs5VPmL1PAh+mA30U0DTotfDZ0d2UUsXpPmPmMMJ6W773MaA3J+lbiWA==",
          "requires": {
            "ansi-regex": "^4.1.0"
          }
        }
      }
    },
    "@heroku/foreman": {
      "version": "2.0.2",
      "resolved": "https://registry.npmjs.org/@heroku/foreman/-/foreman-2.0.2.tgz",
      "integrity": "sha512-G4ZDnQbVnrwnWwlkfNGcGSeJHYqBoa9GZ0zMY2lXxvRE2/U4UPj420nRJwOluNYcNyMmqYJl8UY1OfaRUbZtnQ==",
      "requires": {
        "commander": "^2.11.0",
        "http-proxy": "^1.16.2",
        "mustache": "^2.2.1",
        "shell-quote": "^1.6.1"
      }
    },
    "ansi-escapes": {
      "version": "3.2.0",
      "resolved": "https://registry.npmjs.org/ansi-escapes/-/ansi-escapes-3.2.0.tgz",
      "integrity": "sha512-cBhpre4ma+U0T1oM5fXg7Dy1Jw7zzwv7lt/GoCpr+hDQJoYnKVPLL4dCvSEFMmQurOQvSrwT7SL/DAlhBI97RQ=="
    },
    "ansi-regex": {
      "version": "4.1.1",
      "resolved": "https://registry.npmjs.org/ansi-regex/-/ansi-regex-4.1.1.tgz",
      "integrity": "sha512-ILlv4k/3f6vfQ4OoP2AGvirOktlQ98ZEL1k9FaQjxa3L1abBgbuTDAdPOpvbGncC0BTVQrl+OM8xZGK6tWXt7g=="
    },
    "ansi-styles": {
      "version": "3.2.1",
      "resolved": "https://registry.npmjs.org/ansi-styles/-/ansi-styles-3.2.1.tgz",
      "integrity": "sha512-VT0ZI6kZRdTh8YyJw3SMbYm/u+NqfsAxEpWO0Pf9sq8/e94WxxOpPKx9FR1FlyCtOVDNOQ+8ntlqFxiRc+r5qA==",
      "requires": {
        "color-convert": "^1.9.0"
      }
    },
    "ansicolors": {
      "version": "0.2.1",
      "resolved": "https://registry.npmjs.org/ansicolors/-/ansicolors-0.2.1.tgz",
      "integrity": "sha512-tOIuy1/SK/dr94ZA0ckDohKXNeBNqZ4us6PjMVLs5h1w2GBB6uPtOknp2+VF4F/zcy9LI70W+Z+pE2Soajky1w=="
    },
    "bower": {
      "version": "1.8.14",
      "resolved": "https://registry.npmjs.org/bower/-/bower-1.8.14.tgz",
      "integrity": "sha512-8Rq058FD91q9Nwthyhw0la9fzpBz0iwZTrt51LWl+w+PnJgZk9J+5wp3nibsJcIUPglMYXr4NRBaR+TUj0OkBQ=="
    },
    "capture-stack-trace": {
      "version": "1.0.2",
      "resolved": "https://registry.npmjs.org/capture-stack-trace/-/capture-stack-trace-1.0.2.tgz",
      "integrity": "sha512-X/WM2UQs6VMHUtjUDnZTRI+i1crWteJySFzr9UpGoQa4WQffXVTTXuekjl7TjZRlcF2XfjgITT0HxZ9RnxeT0w=="
    },
    "cardinal": {
      "version": "1.0.0",
      "resolved": "https://registry.npmjs.org/cardinal/-/cardinal-1.0.0.tgz",
      "integrity": "sha512-INsuF4GyiFLk8C91FPokbKTc/rwHqV4JnfatVZ6GPhguP1qmkRWX2dp5tepYboYdPpGWisLVLI+KsXoXFPRSMg==",
      "requires": {
        "ansicolors": "~0.2.1",
        "redeyed": "~1.0.0"
      }
    },
    "chalk": {
      "version": "2.4.2",
      "resolved": "https://registry.npmjs.org/chalk/-/chalk-2.4.2.tgz",
      "integrity": "sha512-Mti+f9lpJNcwF4tWV8/OrTTtF1gZi+f8FqlyAdouralcFWFQWF2+NgCHShjkCb+IFBLq9buZwE1xckQU4peSuQ==",
      "requires": {
        "ansi-styles": "^3.2.1",
        "escape-string-regexp": "^1.0.5",
        "supports-color": "^5.3.0"
      }
    },
    "co": {
      "version": "4.6.0",
      "resolved": "https://registry.npmjs.org/co/-/co-4.6.0.tgz",
      "integrity": "sha512-QVb0dM5HvG+uaxitm8wONl7jltx8dqhfU33DcqtOZcLSVIKSDDLDi7+0LbAKiyI8hD9u42m2YxXSkMGWThaecQ=="
    },
    "color-convert": {
      "version": "1.9.3",
      "resolved": "https://registry.npmjs.org/color-convert/-/color-convert-1.9.3.tgz",
      "integrity": "sha512-QfAUtd+vFdAtFQcC8CCyYt1fYWxSqAiK2cSD6zDB8N3cpsEBAvRxp9zOGg6G/SHHJYAT88/az/IuDGALsNVbGg==",
      "requires": {
        "color-name": "1.1.3"
      }
    },
    "color-name": {
      "version": "1.1.3",
      "resolved": "https://registry.npmjs.org/color-name/-/color-name-1.1.3.tgz",
      "integrity": "sha512-72fSenhMw2HZMTVHeCA9KCmpEIbzWiQsjN+BHcBbS9vr1mtt+vJjPdksIBNUmKAW8TFUDPJK5SUU3QhE9NEXDw=="
    },
    "commander": {
      "version": "2.20.3",
      "resolved": "https://registry.npmjs.org/commander/-/commander-2.20.3.tgz",
      "integrity": "sha512-GpVkmM8vF2vQUkj2LvZmD35JxeJOLCwJ9cUkugyk2nuhbv3+mJvpLYYt+0+USMxE+oj+ey/lJEnhZw75x/OMcQ=="
    },
    "create-error-class": {
      "version": "3.0.2",
      "resolved": "https://registry.npmjs.org/create-error-class/-/create-error-class-3.0.2.tgz",
      "integrity": "sha512-gYTKKexFO3kh200H1Nit76sRwRtOY32vQd3jpAQKpLtZqyNsSQNfI4N7o3eP2wUjV35pTWKRYqFUDBvUha/Pkw==",
      "requires": {
        "capture-stack-trace": "^1.0.0"
      }
    },
    "duplexer3": {
      "version": "0.1.5",
      "resolved": "https://registry.npmjs.org/duplexer3/-/duplexer3-0.1.5.tgz",
      "integrity": "sha512-1A8za6ws41LQgv9HrE/66jyC5yuSjQ3L/KOpFtoBilsAK2iA2wuS5rTt1OCzIvtS2V7nVmedsUU+DGRcjBmOYA=="
    },
    "escape-string-regexp": {
      "version": "1.0.5",
      "resolved": "https://registry.npmjs.org/escape-string-regexp/-/escape-string-regexp-1.0.5.tgz",
      "integrity": "sha512-vbRorB5FUQWvla16U8R/qgaFIya2qGzwDrNmCZuYKrbdSUMG6I1ZCGQRefkRVhuOkIGVne7BQ35DSfo1qvJqFg=="
    },
    "esprima": {
      "version": "3.0.0",
      "resolved": "https://registry.npmjs.org/esprima/-/esprima-3.0.0.tgz",
      "integrity": "sha512-xoBq/MIShSydNZOkjkoCEjqod963yHNXTLC40ypBhop6yPqflPz/vTinmCfSrGcywVLnSftRf6a0kJLdFdzemw=="
    },
    "eventemitter3": {
      "version": "4.0.7",
      "resolved": "https://registry.npmjs.org/eventemitter3/-/eventemitter3-4.0.7.tgz",
      "integrity": "sha512-8guHBZCwKnFhYdHr2ysuRWErTwhoN2X8XELRlrRwpmfeY2jjuUN4taQMsULKUVo1K4DvZl+0pgfyoysHxvmvEw=="
    },
    "follow-redirects": {
      "version": "1.15.2",
      "resolved": "https://registry.npmjs.org/follow-redirects/-/follow-redirects-1.15.2.tgz",
      "integrity": "sha512-VQLG33o04KaQ8uYi2tVNbdrWp1QWxNNea+nmIB4EVM28v0hmP17z7aG1+wAkNzVq4KeXTq3221ye5qTJP91JwA=="
    },
    "get-stream": {
      "version": "3.0.0",
      "resolved": "https://registry.npmjs.org/get-stream/-/get-stream-3.0.0.tgz",
      "integrity": "sha512-GlhdIUuVakc8SJ6kK0zAFbiGzRFzNnY4jUuEbV9UROo4Y+0Ny4fjvcZFVTeDA4odpFyOQzaw6hXukJSq/f28sQ=="
    },
    "got": {
      "version": "6.7.1",
      "resolved": "https://registry.npmjs.org/got/-/got-6.7.1.tgz",
      "integrity": "sha512-Y/K3EDuiQN9rTZhBvPRWMLXIKdeD1Rj0nzunfoi0Yyn5WBEbzxXKU9Ub2X41oZBagVWOBU3MuDonFMgPWQFnwg==",
      "requires": {
        "create-error-class": "^3.0.0",
        "duplexer3": "^0.1.4",
        "get-stream": "^3.0.0",
        "is-redirect": "^1.0.0",
        "is-retry-allowed": "^1.0.0",
        "is-stream": "^1.0.0",
        "lowercase-keys": "^1.0.0",
        "safe-buffer": "^5.0.1",
        "timed-out": "^4.0.0",
        "unzip-response": "^2.0.1",
        "url-parse-lax": "^1.0.0"
      }
    },
    "has-flag": {
      "version": "3.0.0",
      "resolved": "https://registry.npmjs.org/has-flag/-/has-flag-3.0.0.tgz",
      "integrity": "sha512-sKJf1+ceQBr4SMkvQnBDNDtf4TXpVhVGateu0t918bl30FnbE2m4vNLX+VWe/dpjlb+HugGYzW7uQXH98HPEYw=="
    },
    "heroku-cli-util": {
      "version": "6.2.13",
      "resolved": "https://registry.npmjs.org/heroku-cli-util/-/heroku-cli-util-6.2.13.tgz",
      "integrity": "sha512-YPj2whRh9bwLmNWU3lscd920qMmCMNR0CJW1xYAB9ATSU9N3OwGdrReYQXF3xcFjZapdFguN2BtZ6B5AW+nHeg==",
      "requires": {
        "@heroku-cli/color": "^1.1.3",
        "ansi-escapes": "^3.0.0",
        "ansi-styles": "^3.2.0",
        "cardinal": "^1.0.0",
        "chalk": "^2.3.0",
        "co": "^4.6.0",
        "got": "^6.3.0",
        "heroku-client": "^3.0.5",
        "lodash.ary": "^4.1.1",
        "lodash.defaults": "^4.2.0",
        "lodash.get": "^4.4.2",
        "lodash.identity": "^3.0.0",
        "lodash.keys": "^4.2.0",
        "lodash.mapvalues": "^4.6.0",
        "lodash.noop": "^3.0.1",
        "lodash.partial": "^4.2.1",
        "lodash.pickby": "^4.6.0",
        "lodash.property": "^4.4.2",
        "lodash.repeat": "^4.1.0",
        "lodash.result": "^4.5.2",
        "netrc-parser": "^2.0.5",
        "opn": "^3.0.3",
        "strip-ansi": "^4.0.0",
        "supports-color": "^5.1.0",
        "tunnel-agent": "^0.6.0"
      }
    },
    "heroku-client": {
      "version": "3.1.0",
      "resolved": "https://registry.npmjs.org/heroku-client/-/heroku-client-3.1.0.tgz",
      "integrity": "sha512-UfGKwUm5duzzSVI8uUXlNAE1mus6uPxmZPji4vuG1ArV5DYL1rXsZShp0OoxraWdEwYoxCUrM6KGztC68x5EZQ==",
      "requires": {
        "is-retry-allowed": "^1.0.0",
        "tunnel-agent": "^0.6.0"
      }
    },
    "heroku-local": {
      "version": "5.1.21",
      "resolved": "https://registry.npmjs.org/heroku-local/-/heroku-local-5.1.21.tgz",
      "integrity": "sha512-xoX/sLhZS5116V3v0HvmuUFNtJQOYxl+Ne5MQ386eDFsIeu6lkDfblCEFAadp1jRNym5UmoF6Tp4+XWBZEGdDA==",
      "requires": {
        "@heroku/foreman": "^2.0.2",
        "co": "^4.6.0",
        "heroku-cli-util": "^6.2.5",
        "lodash.flatten": "^4.4.0"
      }
    },
    "http-proxy": {
      "version": "1.18.1",
      "resolved": "https://registry.npmjs.org/http-proxy/-/http-proxy-1.18.1.tgz",
      "integrity": "sha512-7mz/721AbnJwIVbnaSv1Cz3Am0ZLT/UBwkC92VlxhXv/k/BBQfM2fXElQNC27BVGr0uwUpplYPQM9LnaBMR5NQ==",
      "requires": {
        "eventemitter3": "^4.0.0",
        "follow-redirects": "^1.0.0",
        "requires-port": "^1.0.0"
      }
    },
    "is-redirect": {
      "version": "1.0.0",
      "resolved": "https://registry.npmjs.org/is-redirect/-/is-redirect-1.0.0.tgz",
      "integrity": "sha512-cr/SlUEe5zOGmzvj9bUyC4LVvkNVAXu4GytXLNMr1pny+a65MpQ9IJzFHD5vi7FyJgb4qt27+eS3TuQnqB+RQw=="
    },
    "is-retry-allowed": {
      "version": "1.2.0",
      "resolved": "https://registry.npmjs.org/is-retry-allowed/-/is-retry-allowed-1.2.0.tgz",
      "integrity": "sha512-RUbUeKwvm3XG2VYamhJL1xFktgjvPzL0Hq8C+6yrWIswDy3BIXGqCxhxkc30N9jqK311gVU137K8Ei55/zVJRg=="
    },
    "is-stream": {
      "version": "1.1.0",
      "resolved": "https://registry.npmjs.org/is-stream/-/is-stream-1.1.0.tgz",
      "integrity": "sha512-uQPm8kcs47jx38atAcWTVxyltQYoPT68y9aWYdV6yWXSyW8mzSat0TL6CiWdZeCdF3KrAvpVtnHbTv4RN+rqdQ=="
    },
    "lex": {
      "version": "1.7.9",
      "resolved": "https://registry.npmjs.org/lex/-/lex-1.7.9.tgz",
      "integrity": "sha512-vzaalVBmFLnMaedq0QAsBAaXsWahzRpvnIBdBjj7y+7EKTS6lnziU2y/PsU2c6rV5qYj2B5IDw0uNJ9peXD0vw=="
    },
    "lodash.ary": {
      "version": "4.1.1",
      "resolved": "https://registry.npmjs.org/lodash.ary/-/lodash.ary-4.1.1.tgz",
      "integrity": "sha512-hftI4RsBwHReSwPuHe4Ijmo7LxSTNBf7vJZjPFqDLdJKoOgZALwOXo+FEZt0UGb5KAo9NEW4ndGeF1r5//3MIQ=="
    },
    "lodash.defaults": {
      "version": "4.2.0",
      "resolved": "https://registry.npmjs.org/lodash.defaults/-/lodash.defaults-4.2.0.tgz",
      "integrity": "sha512-qjxPLHd3r5DnsdGacqOMU6pb/avJzdh9tFX2ymgoZE27BmjXrNy/y4LoaiTeAb+O3gL8AfpJGtqfX/ae2leYYQ=="
    },
    "lodash.flatten": {
      "version": "4.4.0",
      "resolved": "https://registry.npmjs.org/lodash.flatten/-/lodash.flatten-4.4.0.tgz",
      "integrity": "sha512-C5N2Z3DgnnKr0LOpv/hKCgKdb7ZZwafIrsesve6lmzvZIRZRGaZ/l6Q8+2W7NaT+ZwO3fFlSCzCzrDCFdJfZ4g=="
    },
    "lodash.get": {
      "version": "4.4.2",
      "resolved": "https://registry.npmjs.org/lodash.get/-/lodash.get-4.4.2.tgz",
      "integrity": "sha512-z+Uw/vLuy6gQe8cfaFWD7p0wVv8fJl3mbzXh33RS+0oW2wvUqiRXiQ69gLWSLpgB5/6sU+r6BlQR0MBILadqTQ=="
    },
    "lodash.identity": {
      "version": "3.0.0",
      "resolved": "https://registry.npmjs.org/lodash.identity/-/lodash.identity-3.0.0.tgz",
      "integrity": "sha512-AupTIzdLQxJS5wIYUQlgGyk2XRTfGXA+MCghDHqZk0pzUNYvd3EESS6dkChNauNYVIutcb0dfHw1ri9Q1yPV8Q=="
    },
    "lodash.keys": {
      "version": "4.2.0",
      "resolved": "https://registry.npmjs.org/lodash.keys/-/lodash.keys-4.2.0.tgz",
      "integrity": "sha512-J79MkJcp7Df5mizHiVNpjoHXLi4HLjh9VLS/M7lQSGoQ+0oQ+lWEigREkqKyizPB1IawvQLLKY8mzEcm1tkyxQ=="
    },
    "lodash.mapvalues": {
      "version": "4.6.0",
      "resolved": "https://registry.npmjs.org/lodash.mapvalues/-/lodash.mapvalues-4.6.0.tgz",
      "integrity": "sha512-JPFqXFeZQ7BfS00H58kClY7SPVeHertPE0lNuCyZ26/XlN8TvakYD7b9bGyNmXbT/D3BbtPAAmq90gPWqLkxlQ=="
    },
    "lodash.noop": {
      "version": "3.0.1",
      "resolved": "https://registry.npmjs.org/lodash.noop/-/lodash.noop-3.0.1.tgz",
      "integrity": "sha512-TmYdmu/pebrdTIBDK/FDx9Bmfzs9x0sZG6QIJuMDTqEPfeciLcN13ij+cOd0i9vwJfBtbG9UQ+C7MkXgYxrIJg=="
    },
    "lodash.partial": {
      "version": "4.2.1",
      "resolved": "https://registry.npmjs.org/lodash.partial/-/lodash.partial-4.2.1.tgz",
      "integrity": "sha512-qsiGr0kiA31O7chhmKSUiEGtxXnYtwmaJF00TPAUW79C5PCfaVeLTUN3sLT+rEPcqZooPtiFcGhnphQzFhkqmg=="
    },
    "lodash.pickby": {
      "version": "4.6.0",
      "resolved": "https://registry.npmjs.org/lodash.pickby/-/lodash.pickby-4.6.0.tgz",
      "integrity": "sha512-AZV+GsS/6ckvPOVQPXSiFFacKvKB4kOQu6ynt9wz0F3LO4R9Ij4K1ddYsIytDpSgLz88JHd9P+oaLeej5/Sl7Q=="
    },
    "lodash.property": {
      "version": "4.4.2",
      "resolved": "https://registry.npmjs.org/lodash.property/-/lodash.property-4.4.2.tgz",
      "integrity": "sha512-WVnsHSCea5NFrsWGdZilCFJWhHFtb/nqVrDXzR1bIXmOxIykrsAKOpRaYu9rCYoHYuq1SnG6G4A0inMwShV4dg=="
    },
    "lodash.repeat": {
      "version": "4.1.0",
      "resolved": "https://registry.npmjs.org/lodash.repeat/-/lodash.repeat-4.1.0.tgz",
      "integrity": "sha512-eWsgQW89IewS95ZOcr15HHCX6FVDxq3f2PNUIng3fyzsPev9imFQxIYdFZ6crl8L56UR6ZlGDLcEb3RZsCSSqw=="
    },
    "lodash.result": {
      "version": "4.5.2",
      "resolved": "https://registry.npmjs.org/lodash.result/-/lodash.result-4.5.2.tgz",
      "integrity": "sha512-dlgJvozORK2oE4jXzTGIsJz9Vk6huNAINxYYvWc/R44x3/ah/F7OkNwr9c0wO2poh2cbdjS0jF3j8VgyCEOVfw=="
    },
    "lowercase-keys": {
      "version": "1.0.1",
      "resolved": "https://registry.npmjs.org/lowercase-keys/-/lowercase-keys-1.0.1.tgz",
      "integrity": "sha512-G2Lj61tXDnVFFOi8VZds+SoQjtQC3dgokKdDG2mTm1tx4m50NUHBOZSBwQQHyy0V12A0JTG4icfZQH+xPyh8VA=="
    },
    "mustache": {
      "version": "2.3.2",
      "resolved": "https://registry.npmjs.org/mustache/-/mustache-2.3.2.tgz",
      "integrity": "sha512-KpMNwdQsYz3O/SBS1qJ/o3sqUJ5wSb8gb0pul8CO0S56b9Y2ALm8zCfsjPXsqGFfoNBkDwZuZIAjhsZI03gYVQ=="
    },
    "netrc-parser": {
      "version": "2.0.6",
      "resolved": "https://registry.npmjs.org/netrc-parser/-/netrc-parser-2.0.6.tgz",
      "integrity": "sha512-EYBo3lsGMlKbeN60J0xlffOSB8jOzYLmqPlXl6sYnd36xll6xHcu/3CTIpp2jEGWr1oFM8WQOiCizP/olM3adQ==",
      "requires": {
        "lex": "^1.7.9"
      }
    },
    "object-assign": {
      "version": "4.1.1",
      "resolved": "https://registry.npmjs.org/object-assign/-/object-assign-4.1.1.tgz",
      "integrity": "sha512-rJgTQnkUnH1sFw8yT6VSU3zD3sWmu6sZhIseY8VX+GRu3P6F7Fu+JNDoXfklElbLJSnc3FUQHVe4cU5hj+BcUg=="
    },
    "opn": {
      "version": "3.0.3",
      "resolved": "https://registry.npmjs.org/opn/-/opn-3.0.3.tgz",
      "integrity": "sha512-YKyQo/aDk+kLY/ChqYx3DMWW8cbxvZDh+7op1oU60TmLHGWFrn2gPaRWihzDhSwCarAESa9G8dNXzjTGfLx8FQ==",
      "requires": {
        "object-assign": "^4.0.1"
      }
    },
    "prepend-http": {
      "version": "1.0.4",
      "resolved": "https://registry.npmjs.org/prepend-http/-/prepend-http-1.0.4.tgz",
      "integrity": "sha512-PhmXi5XmoyKw1Un4E+opM2KcsJInDvKyuOumcjjw3waw86ZNjHwVUOOWLc4bCzLdcKNaWBH9e99sbWzDQsVaYg=="
    },
    "redeyed": {
      "version": "1.0.1",
      "resolved": "https://registry.npmjs.org/redeyed/-/redeyed-1.0.1.tgz",
      "integrity": "sha512-8eEWsNCkV2rvwKLS1Cvp5agNjMhwRe2um+y32B2+3LqOzg4C9BBPs6vzAfV16Ivb8B9HPNKIqd8OrdBws8kNlQ==",
      "requires": {
        "esprima": "~3.0.0"
      }
    },
    "requires-port": {
      "version": "1.0.0",
      "resolved": "https://registry.npmjs.org/requires-port/-/requires-port-1.0.0.tgz",
      "integrity": "sha512-KigOCHcocU3XODJxsu8i/j8T9tzT4adHiecwORRQ0ZZFcp7ahwXuRU1m+yuO90C5ZUyGeGfocHDI14M3L3yDAQ=="
    },
    "safe-buffer": {
      "version": "5.2.1",
      "resolved": "https://registry.npmjs.org/safe-buffer/-/safe-buffer-5.2.1.tgz",
      "integrity": "sha512-rp3So07KcdmmKbGvgaNxQSJr7bGVSVk5S9Eq1F+ppbRo70+YeaDxkw5Dd8NPN+GD6bjnYm2VuPuCXmpuYvmCXQ=="
    },
    "shell-quote": {
      "version": "1.8.1",
      "resolved": "https://registry.npmjs.org/shell-quote/-/shell-quote-1.8.1.tgz",
      "integrity": "sha512-6j1W9l1iAs/4xYBI1SYOVZyFcCis9b4KCLQ8fgAGG07QvzaRLVVRQvAy85yNmmZSjYjg4MWh4gNvlPujU/5LpA=="
    },
    "strip-ansi": {
      "version": "4.0.0",
      "resolved": "https://registry.npmjs.org/strip-ansi/-/strip-ansi-4.0.0.tgz",
      "integrity": "sha512-4XaJ2zQdCzROZDivEVIDPkcQn8LMFSa8kj8Gxb/Lnwzv9A8VctNZ+lfivC/sV3ivW8ElJTERXZoPBRrZKkNKow==",
      "requires": {
        "ansi-regex": "^3.0.0"
      },
      "dependencies": {
        "ansi-regex": {
          "version": "3.0.1",
          "resolved": "https://registry.npmjs.org/ansi-regex/-/ansi-regex-3.0.1.tgz",
          "integrity": "sha512-+O9Jct8wf++lXxxFc4hc8LsjaSq0HFzzL7cVsw8pRDIPdjKD2mT4ytDZlLuSBZ4cLKZFXIrMGO7DbQCtMJJMKw=="
        }
      }
    },
    "supports-color": {
      "version": "5.5.0",
      "resolved": "https://registry.npmjs.org/supports-color/-/supports-color-5.5.0.tgz",
      "integrity": "sha512-QjVjwdXIt408MIiAqCX4oUKsgU2EqAGzs2Ppkm4aQYbjm+ZEWEcW4SfFNTr4uMNZma0ey4f5lgLrkB0aX0QMow==",
      "requires": {
        "has-flag": "^3.0.0"
      }
    },
    "timed-out": {
      "version": "4.0.1",
      "resolved": "https://registry.npmjs.org/timed-out/-/timed-out-4.0.1.tgz",
      "integrity": "sha512-G7r3AhovYtr5YKOWQkta8RKAPb+J9IsO4uVmzjl8AZwfhs8UcUwTiD6gcJYSgOtzyjvQKrKYn41syHbUWMkafA=="
    },
    "tslib": {
      "version": "1.14.1",
      "resolved": "https://registry.npmjs.org/tslib/-/tslib-1.14.1.tgz",
      "integrity": "sha512-Xni35NKzjgMrwevysHTCArtLDpPvye8zV/0E4EyYn43P7/7qvQwPh9BGkHewbMulVntbigmcT7rdX3BNo9wRJg=="
    },
    "tunnel-agent": {
      "version": "0.6.0",
      "resolved": "https://registry.npmjs.org/tunnel-agent/-/tunnel-agent-0.6.0.tgz",
      "integrity": "sha512-McnNiV1l8RYeY8tBgEpuodCC1mLUdbSN+CYBL7kJsJNInOP8UjDDEwdk6Mw60vdLLrr5NHKZhMAOSrR2NZuQ+w==",
      "requires": {
        "safe-buffer": "^5.0.1"
      }
    },
    "unzip-response": {
      "version": "2.0.1",
      "resolved": "https://registry.npmjs.org/unzip-response/-/unzip-response-2.0.1.tgz",
      "integrity": "sha512-N0XH6lqDtFH84JxptQoZYmloF4nzrQqqrAymNj+/gW60AO2AZgOcf4O/nUXJcYfyQkqvMo9lSupBZmmgvuVXlw=="
    },
    "url-parse-lax": {
      "version": "1.0.0",
      "resolved": "https://registry.npmjs.org/url-parse-lax/-/url-parse-lax-1.0.0.tgz",
      "integrity": "sha512-BVA4lR5PIviy2PMseNd2jbFQ+jwSwQGdJejf5ctd1rEXt0Ypd7yanUK9+lYechVlN5VaTJGsu2U/3MDDu6KgBA==",
      "requires": {
        "prepend-http": "^1.0.1"
      }
    }
  }
}
